
Microsoft Visual Studio Solution File, Format Version 12.00
# Visual Studio Version 17
VisualStudioVersion = 17.6.33712.159
MinimumVisualStudioVersion = 10.0.40219.1
Project("{9A19103F-16F7-4668-BE54-9A1E7A4F7556}") = "Welcome", "Welcome\Welcome.csproj", "{4378AEFF-6F8E-4866-A7F3-249DB06F4BA4}"
EndProject
Project("{9A19103F-16F7-4668-BE54-9A1E7A4F7556}") = "WelcomeExtended", "WelcomeExtended\WelcomeExtended.csproj", "{656F3B1D-3ED4-4972-9752-7F5EC58806C9}"
EndProject
Project("{9A19103F-16F7-4668-BE54-9A1E7A4F7556}") = "DataLayer", "DataLayer\DataLayer.csproj", "{4E3AF993-9B4B-460A-B5E4-862551DA13D4}"
EndProject
Project("{9A19103F-16F7-4668-BE54-9A1E7A4F7556}") = "UI", "UI\UI.csproj", "{38A1F6F8-9489-496E-B5D8-8536538E4832}"
EndProject
Project("{FAE04EC0-301F-11D3-BF4B-00C04F79EFBC}") = "WpfExample", "WpfExample\WpfExample.csproj", "{41AF99B0-63B7-4AB1-A4EB-A59B179F6BD8}"
EndProject
Global
	GlobalSection(SolutionConfigurationPlatforms) = preSolution
		Debug|Any CPU = Debug|Any CPU
		Release|Any CPU = Release|Any CPU
	EndGlobalSection
	GlobalSection(ProjectConfigurationPlatforms) = postSolution
		{4378AEFF-6F8E-4866-A7F3-249DB06F4BA4}.Debug|Any CPU.ActiveCfg = Debug|Any CPU
		{4378AEFF-6F8E-4866-A7F3-249DB06F4BA4}.Debug|Any CPU.Build.0 = Debug|Any CPU
		{4378AEFF-6F8E-4866-A7F3-249DB06F4BA4}.Release|Any CPU.ActiveCfg = Release|Any CPU
		{4378AEFF-6F8E-4866-A7F3-249DB06F4BA4}.Release|Any CPU.Build.0 = Release|Any CPU
		{656F3B1D-3ED4-4972-9752-7F5EC58806C9}.Debug|Any CPU.ActiveCfg = Debug|Any CPU
		{656F3B1D-3ED4-4972-9752-7F5EC58806C9}.Debug|Any CPU.Build.0 = Debug|Any CPU
		{656F3B1D-3ED4-4972-9752-7F5EC58806C9}.Release|Any CPU.ActiveCfg = Release|Any CPU
		{656F3B1D-3ED4-4972-9752-7F5EC58806C9}.Release|Any CPU.Build.0 = Release|Any CPU
		{4E3AF993-9B4B-460A-B5E4-862551DA13D4}.Debug|Any CPU.ActiveCfg = Debug|Any CPU
		{4E3AF993-9B4B-460A-B5E4-862551DA13D4}.Debug|Any CPU.Build.0 = Debug|Any CPU
		{4E3AF993-9B4B-460A-B5E4-862551DA13D4}.Release|Any CPU.ActiveCfg = Release|Any CPU
		{4E3AF993-9B4B-460A-B5E4-862551DA13D4}.Release|Any CPU.Build.0 = Release|Any CPU
		{38A1F6F8-9489-496E-B5D8-8536538E4832}.Debug|Any CPU.ActiveCfg = Debug|Any CPU
		{38A1F6F8-9489-496E-B5D8-8536538E4832}.Debug|Any CPU.Build.0 = Debug|Any CPU
		{38A1F6F8-9489-496E-B5D8-8536538E4832}.Release|Any CPU.ActiveCfg = Release|Any CPU
		{38A1F6F8-9489-496E-B5D8-8536538E4832}.Release|Any CPU.Build.0 = Release|Any CPU
		{41AF99B0-63B7-4AB1-A4EB-A59B179F6BD8}.Debug|Any CPU.ActiveCfg = Debug|Any CPU
		{41AF99B0-63B7-4AB1-A4EB-A59B179F6BD8}.Debug|Any CPU.Build.0 = Debug|Any CPU
		{41AF99B0-63B7-4AB1-A4EB-A59B179F6BD8}.Release|Any CPU.ActiveCfg = Release|Any CPU
		{41AF99B0-63B7-4AB1-A4EB-A59B179F6BD8}.Release|Any CPU.Build.0 = Release|Any CPU
	EndGlobalSection
	GlobalSection(SolutionProperties) = preSolution
		HideSolutionNode = FALSE
	EndGlobalSection
	GlobalSection(ExtensibilityGlobals) = postSolution
		SolutionGuid = {CB8501C2-6D75-4BF0-92C7-0BF0035F02F3}
	EndGlobalSection
EndGlobal
